
Microsoft Visual Studio Solution File, Format Version 12.00
# Visual Studio 2013
VisualStudioVersion = 12.0.21005.1
MinimumVisualStudioVersion = 10.0.40219.1
Project("{FAE04EC0-301F-11D3-BF4B-00C04F79EFBC}") = "qqClient", "qqClient\qqClient.csproj", "{EB3C2CEB-DEB6-4948-9A41-AD32985BA978}"
EndProject
Project("{FAE04EC0-301F-11D3-BF4B-00C04F79EFBC}") = "longLibrary", "longLibrary\longLibrary.csproj", "{016B0488-7838-4A01-904B-F295821F521F}"
EndProject
Project("{FAE04EC0-301F-11D3-BF4B-00C04F79EFBC}") = "qqServer", "qqServer\qqServer.csproj", "{168A7A8E-3688-4870-99C2-0F6B93B337D2}"
EndProject
Project("{FAE04EC0-301F-11D3-BF4B-00C04F79EFBC}") = "allKindsOfCSharpKnowledge", "allKindsOfCSharpKnowledge\allKindsOfCSharpKnowledge.csproj", "{DC83A130-A699-4A81-B831-EC450E91D016}"
EndProject
Project("{FAE04EC0-301F-11D3-BF4B-00C04F79EFBC}") = "DelegateLambdaEvent", "DelegateLambdaEvent\DelegateLambdaEvent.csproj", "{BF68F236-D81F-4F88-AF10-2DA5F906CE31}"
EndProject
Project("{FAE04EC0-301F-11D3-BF4B-00C04F79EFBC}") = "reflectAndAttribute", "reflectAndAttribute\reflectAndAttribute.csproj", "{13786DE9-0987-4D46-B941-9CBE74FACAFF}"
EndProject
Project("{FAE04EC0-301F-11D3-BF4B-00C04F79EFBC}") = "longORM", "longORM\longORM.csproj", "{4C9AB06C-6B7A-441A-8E45-7F94B432D1C5}"
EndProject
Global
	GlobalSection(SolutionConfigurationPlatforms) = preSolution
		Debug|Any CPU = Debug|Any CPU
		Release|Any CPU = Release|Any CPU
	EndGlobalSection
	GlobalSection(ProjectConfigurationPlatforms) = postSolution
		{EB3C2CEB-DEB6-4948-9A41-AD32985BA978}.Debug|Any CPU.ActiveCfg = Debug|Any CPU
		{EB3C2CEB-DEB6-4948-9A41-AD32985BA978}.Debug|Any CPU.Build.0 = Debug|Any CPU
		{EB3C2CEB-DEB6-4948-9A41-AD32985BA978}.Release|Any CPU.ActiveCfg = Release|Any CPU
		{EB3C2CEB-DEB6-4948-9A41-AD32985BA978}.Release|Any CPU.Build.0 = Release|Any CPU
		{016B0488-7838-4A01-904B-F295821F521F}.Debug|Any CPU.ActiveCfg = Debug|Any CPU
		{016B0488-7838-4A01-904B-F295821F521F}.Debug|Any CPU.Build.0 = Debug|Any CPU
		{016B0488-7838-4A01-904B-F295821F521F}.Release|Any CPU.ActiveCfg = Release|Any CPU
		{016B0488-7838-4A01-904B-F295821F521F}.Release|Any CPU.Build.0 = Release|Any CPU
		{168A7A8E-3688-4870-99C2-0F6B93B337D2}.Debug|Any CPU.ActiveCfg = Debug|Any CPU
		{168A7A8E-3688-4870-99C2-0F6B93B337D2}.Debug|Any CPU.Build.0 = Debug|Any CPU
		{168A7A8E-3688-4870-99C2-0F6B93B337D2}.Release|Any CPU.ActiveCfg = Release|Any CPU
		{168A7A8E-3688-4870-99C2-0F6B93B337D2}.Release|Any CPU.Build.0 = Release|Any CPU
		{DC83A130-A699-4A81-B831-EC450E91D016}.Debug|Any CPU.ActiveCfg = Debug|Any CPU
		{DC83A130-A699-4A81-B831-EC450E91D016}.Debug|Any CPU.Build.0 = Debug|Any CPU
		{DC83A130-A699-4A81-B831-EC450E91D016}.Release|Any CPU.ActiveCfg = Release|Any CPU
		{DC83A130-A699-4A81-B831-EC450E91D016}.Release|Any CPU.Build.0 = Release|Any CPU
		{BF68F236-D81F-4F88-AF10-2DA5F906CE31}.Debug|Any CPU.ActiveCfg = Debug|Any CPU
		{BF68F236-D81F-4F88-AF10-2DA5F906CE31}.Debug|Any CPU.Build.0 = Debug|Any CPU
		{BF68F236-D81F-4F88-AF10-2DA5F906CE31}.Release|Any CPU.ActiveCfg = Release|Any CPU
		{BF68F236-D81F-4F88-AF10-2DA5F906CE31}.Release|Any CPU.Build.0 = Release|Any CPU
		{13786DE9-0987-4D46-B941-9CBE74FACAFF}.Debug|Any CPU.ActiveCfg = Debug|Any CPU
		{13786DE9-0987-4D46-B941-9CBE74FACAFF}.Debug|Any CPU.Build.0 = Debug|Any CPU
		{13786DE9-0987-4D46-B941-9CBE74FACAFF}.Release|Any CPU.ActiveCfg = Release|Any CPU
		{13786DE9-0987-4D46-B941-9CBE74FACAFF}.Release|Any CPU.Build.0 = Release|Any CPU
		{4C9AB06C-6B7A-441A-8E45-7F94B432D1C5}.Debug|Any CPU.ActiveCfg = Debug|Any CPU
		{4C9AB06C-6B7A-441A-8E45-7F94B432D1C5}.Debug|Any CPU.Build.0 = Debug|Any CPU
		{4C9AB06C-6B7A-441A-8E45-7F94B432D1C5}.Release|Any CPU.ActiveCfg = Release|Any CPU
		{4C9AB06C-6B7A-441A-8E45-7F94B432D1C5}.Release|Any CPU.Build.0 = Release|Any CPU
	EndGlobalSection
	GlobalSection(SolutionProperties) = preSolution
		HideSolutionNode = FALSE
	EndGlobalSection
EndGlobal
