
Microsoft Visual Studio Solution File, Format Version 12.00
# Visual Studio 2013
VisualStudioVersion = 12.0.21005.1
MinimumVisualStudioVersion = 10.0.40219.1
Project("{FAE04EC0-301F-11D3-BF4B-00C04F79EFBC}") = "qqClient", "qqClient\qqClient.csproj", "{EB3C2CEB-DEB6-4948-9A41-AD32985BA978}"
EndProject
Project("{FAE04EC0-301F-11D3-BF4B-00C04F79EFBC}") = "longLibrary", "longLibrary\longLibrary.csproj", "{016B0488-7838-4A01-904B-F295821F521F}"
EndProject
Project("{FAE04EC0-301F-11D3-BF4B-00C04F79EFBC}") = "qqServer", "qqServer\qqServer.csproj", "{168A7A8E-3688-4870-99C2-0F6B93B337D2}"
EndProject
Global
	GlobalSection(SolutionConfigurationPlatforms) = preSolution
		Debug|Any CPU = Debug|Any CPU
		Release|Any CPU = Release|Any CPU
	EndGlobalSection
	GlobalSection(ProjectConfigurationPlatforms) = postSolution
		{EB3C2CEB-DEB6-4948-9A41-AD32985BA978}.Debug|Any CPU.ActiveCfg = Debug|Any CPU
		{EB3C2CEB-DEB6-4948-9A41-AD32985BA978}.Debug|Any CPU.Build.0 = Debug|Any CPU
		{EB3C2CEB-DEB6-4948-9A41-AD32985BA978}.Release|Any CPU.ActiveCfg = Release|Any CPU
		{EB3C2CEB-DEB6-4948-9A41-AD32985BA978}.Release|Any CPU.Build.0 = Release|Any CPU
		{016B0488-7838-4A01-904B-F295821F521F}.Debug|Any CPU.ActiveCfg = Debug|Any CPU
		{016B0488-7838-4A01-904B-F295821F521F}.Debug|Any CPU.Build.0 = Debug|Any CPU
		{016B0488-7838-4A01-904B-F295821F521F}.Release|Any CPU.ActiveCfg = Release|Any CPU
		{016B0488-7838-4A01-904B-F295821F521F}.Release|Any CPU.Build.0 = Release|Any CPU
		{168A7A8E-3688-4870-99C2-0F6B93B337D2}.Debug|Any CPU.ActiveCfg = Debug|Any CPU
		{168A7A8E-3688-4870-99C2-0F6B93B337D2}.Debug|Any CPU.Build.0 = Debug|Any CPU
		{168A7A8E-3688-4870-99C2-0F6B93B337D2}.Release|Any CPU.ActiveCfg = Release|Any CPU
		{168A7A8E-3688-4870-99C2-0F6B93B337D2}.Release|Any CPU.Build.0 = Release|Any CPU
	EndGlobalSection
	GlobalSection(SolutionProperties) = preSolution
		HideSolutionNode = FALSE
	EndGlobalSection
EndGlobal
